// !$*UTF8*$!
{
	archiveVersion = 1;
	classes = {
	};
	objectVersion = 46;
	objects = {

/* Begin PBXBuildFile section */
		D2C6A2BE14EE1E1900CDC3D1 /* endianfix.cpp in Sources */ = {isa = PBXBuildFile; fileRef = D2C6A2B914EE1E1900CDC3D1 /* endianfix.cpp */; };
		D2C6A2BF14EE1E1900CDC3D1 /* vispatch.cpp in Sources */ = {isa = PBXBuildFile; fileRef = D2C6A2BD14EE1E1900CDC3D1 /* vispatch.cpp */; };
/* End PBXBuildFile section */

/* Begin PBXCopyFilesBuildPhase section */
		D2C6A2A514EE1DF600CDC3D1 /* CopyFiles */ = {
			isa = PBXCopyFilesBuildPhase;
			buildActionMask = 2147483647;
			dstPath = /usr/share/man/man1/;
			dstSubfolderSpec = 0;
			files = (
			);
			runOnlyForDeploymentPostprocessing = 1;
		};
/* End PBXCopyFilesBuildPhase section */

/* Begin PBXFileReference section */
		D2C6A2A714EE1DF600CDC3D1 /* vispatch */ = {isa = PBXFileReference; explicitFileType = "compiled.mach-o.executable"; includeInIndex = 0; path = vispatch; sourceTree = BUILT_PRODUCTS_DIR; };
		D2C6A2B914EE1E1900CDC3D1 /* endianfix.cpp */ = {isa = PBXFileReference; fileEncoding = 4; lastKnownFileType = sourcecode.cpp.cpp; path = endianfix.cpp; sourceTree = SOURCE_ROOT; };
		D2C6A2BA14EE1E1900CDC3D1 /* endianfix.h */ = {isa = PBXFileReference; fileEncoding = 4; lastKnownFileType = sourcecode.c.h; path = endianfix.h; sourceTree = SOURCE_ROOT; };
		D2C6A2BB14EE1E1900CDC3D1 /* swchpal.h */ = {isa = PBXFileReference; fileEncoding = 4; lastKnownFileType = sourcecode.c.h; path = swchpal.h; sourceTree = SOURCE_ROOT; };
		D2C6A2BC14EE1E1900CDC3D1 /* unix.h */ = {isa = PBXFileReference; fileEncoding = 4; lastKnownFileType = sourcecode.c.h; path = unix.h; sourceTree = SOURCE_ROOT; };
		D2C6A2BD14EE1E1900CDC3D1 /* vispatch.cpp */ = {isa = PBXFileReference; fileEncoding = 4; lastKnownFileType = sourcecode.cpp.cpp; path = vispatch.cpp; sourceTree = SOURCE_ROOT; };
/* End PBXFileReference section */

/* Begin PBXFrameworksBuildPhase section */
		D2C6A2A414EE1DF600CDC3D1 /* Frameworks */ = {
			isa = PBXFrameworksBuildPhase;
			buildActionMask = 2147483647;
			files = (
			);
			runOnlyForDeploymentPostprocessing = 0;
		};
/* End PBXFrameworksBuildPhase section */

/* Begin PBXGroup section */
		D2C6A29C14EE1DF600CDC3D1 = {
			isa = PBXGroup;
			children = (
				D2C6A2AA14EE1DF600CDC3D1 /* vispatch */,
				D2C6A2A814EE1DF600CDC3D1 /* Products */,
			);
			sourceTree = "<group>";
		};
		D2C6A2A814EE1DF600CDC3D1 /* Products */ = {
			isa = PBXGroup;
			children = (
				D2C6A2A714EE1DF600CDC3D1 /* vispatch */,
			);
			name = Products;
			sourceTree = "<group>";
		};
		D2C6A2AA14EE1DF600CDC3D1 /* vispatch */ = {
			isa = PBXGroup;
			children = (
				D2C6A2C014EE1E2600CDC3D1 /* Headers */,
				D2C6A2B914EE1E1900CDC3D1 /* endianfix.cpp */,
				D2C6A2BD14EE1E1900CDC3D1 /* vispatch.cpp */,
			);
			path = vispatch;
			sourceTree = "<group>";
		};
		D2C6A2C014EE1E2600CDC3D1 /* Headers */ = {
			isa = PBXGroup;
			children = (
				D2C6A2BA14EE1E1900CDC3D1 /* endianfix.h */,
				D2C6A2BB14EE1E1900CDC3D1 /* swchpal.h */,
				D2C6A2BC14EE1E1900CDC3D1 /* unix.h */,
			);
			name = Headers;
			sourceTree = "<group>";
		};
/* End PBXGroup section */

/* Begin PBXNativeTarget section */
		D2C6A2A614EE1DF600CDC3D1 /* vispatch */ = {
			isa = PBXNativeTarget;
			buildConfigurationList = D2C6A2B114EE1DF600CDC3D1 /* Build configuration list for PBXNativeTarget "vispatch" */;
			buildPhases = (
				D2C6A2A314EE1DF600CDC3D1 /* Sources */,
				D2C6A2A414EE1DF600CDC3D1 /* Frameworks */,
				D2C6A2A514EE1DF600CDC3D1 /* CopyFiles */,
			);
			buildRules = (
			);
			dependencies = (
			);
			name = vispatch;
			productName = vispatch;
			productReference = D2C6A2A714EE1DF600CDC3D1 /* vispatch */;
			productType = "com.apple.product-type.tool";
		};
/* End PBXNativeTarget section */

/* Begin PBXProject section */
		D2C6A29E14EE1DF600CDC3D1 /* Project object */ = {
			isa = PBXProject;
			attributes = {
				LastUpgradeCheck = 0500;
			};
			buildConfigurationList = D2C6A2A114EE1DF600CDC3D1 /* Build configuration list for PBXProject "vispatch" */;
			compatibilityVersion = "Xcode 3.2";
			developmentRegion = English;
			hasScannedForEncodings = 0;
			knownRegions = (
				en,
			);
			mainGroup = D2C6A29C14EE1DF600CDC3D1;
			productRefGroup = D2C6A2A814EE1DF600CDC3D1 /* Products */;
			projectDirPath = "";
			projectRoot = "";
			targets = (
				D2C6A2A614EE1DF600CDC3D1 /* vispatch */,
			);
		};
/* End PBXProject section */

/* Begin PBXSourcesBuildPhase section */
		D2C6A2A314EE1DF600CDC3D1 /* Sources */ = {
			isa = PBXSourcesBuildPhase;
			buildActionMask = 2147483647;
			files = (
				D2C6A2BE14EE1E1900CDC3D1 /* endianfix.cpp in Sources */,
				D2C6A2BF14EE1E1900CDC3D1 /* vispatch.cpp in Sources */,
			);
			runOnlyForDeploymentPostprocessing = 0;
		};
/* End PBXSourcesBuildPhase section */

/* Begin XCBuildConfiguration section */
		D2C6A2AF14EE1DF600CDC3D1 /* Debug */ = {
			isa = XCBuildConfiguration;
			buildSettings = {
				ALWAYS_SEARCH_USER_PATHS = NO;
				ARCHS = "$(NATIVE_ARCH_ACTUAL)";
				CLANG_WARN_BOOL_CONVERSION = YES;
				CLANG_WARN_CONSTANT_CONVERSION = YES;
				CLANG_WARN_EMPTY_BODY = YES;
				CLANG_WARN_ENUM_CONVERSION = YES;
				CLANG_WARN_INT_CONVERSION = YES;
				CLANG_WARN__DUPLICATE_METHOD_MATCH = YES;
				COPY_PHASE_STRIP = NO;
				GCC_C_LANGUAGE_STANDARD = gnu99;
				GCC_DYNAMIC_NO_PIC = NO;
				GCC_ENABLE_OBJC_EXCEPTIONS = YES;
				GCC_OPTIMIZATION_LEVEL = 0;
				GCC_PREPROCESSOR_DEFINITIONS = (
					"DEBUG=1",
					"$(inherited)",
				);
				GCC_SYMBOLS_PRIVATE_EXTERN = NO;
				GCC_VERSION = com.apple.compilers.llvm.clang.1_0;
				GCC_WARN_64_TO_32_BIT_CONVERSION = YES;
				GCC_WARN_ABOUT_MISSING_PROTOTYPES = YES;
				GCC_WARN_ABOUT_RETURN_TYPE = YES;
				GCC_WARN_UNDECLARED_SELECTOR = YES;
				GCC_WARN_UNINITIALIZED_AUTOS = YES;
				GCC_WARN_UNUSED_FUNCTION = YES;
				GCC_WARN_UNUSED_VARIABLE = YES;
				MACOSX_DEPLOYMENT_TARGET = 10.7;
				ONLY_ACTIVE_ARCH = YES;
				SDKROOT = macosx;
			};
			name = Debug;
		};
		D2C6A2B014EE1DF600CDC3D1 /* Release */ = {
			isa = XCBuildConfiguration;
			buildSettings = {
				ALWAYS_SEARCH_USER_PATHS = NO;
				ARCHS = "$(ARCHS_STANDARD_32_64_BIT)";
				CLANG_WARN_BOOL_CONVERSION = YES;
				CLANG_WARN_CONSTANT_CONVERSION = YES;
				CLANG_WARN_EMPTY_BODY = YES;
				CLANG_WARN_ENUM_CONVERSION = YES;
				CLANG_WARN_INT_CONVERSION = YES;
				CLANG_WARN__DUPLICATE_METHOD_MATCH = YES;
				COPY_PHASE_STRIP = YES;
				DEBUG_INFORMATION_FORMAT = "dwarf-with-dsym";
				GCC_C_LANGUAGE_STANDARD = gnu99;
				GCC_ENABLE_OBJC_EXCEPTIONS = YES;
				GCC_VERSION = com.apple.compilers.llvm.clang.1_0;
				GCC_WARN_64_TO_32_BIT_CONVERSION = YES;
				GCC_WARN_ABOUT_MISSING_PROTOTYPES = YES;
				GCC_WARN_ABOUT_RETURN_TYPE = YES;
				GCC_WARN_UNDECLARED_SELECTOR = YES;
				GCC_WARN_UNINITIALIZED_AUTOS = YES;
				GCC_WARN_UNUSED_FUNCTION = YES;
				GCC_WARN_UNUSED_VARIABLE = YES;
				MACOSX_DEPLOYMENT_TARGET = 10.7;
				SDKROOT = macosx;
			};
			name = Release;
		};
		D2C6A2B214EE1DF600CDC3D1 /* Debug */ = {
			isa = XCBuildConfiguration;
			buildSettings = {
				GCC_PREPROCESSOR_DEFINITIONS = _UNIX_;
				ONLY_ACTIVE_ARCH = YES;
				PRODUCT_NAME = "$(TARGET_NAME)";
			};
			name = Debug;
		};
		D2C6A2B314EE1DF600CDC3D1 /* Release */ = {
			isa = XCBuildConfiguration;
			buildSettings = {
				GCC_PREPROCESSOR_DEFINITIONS = _UNIX_;
				PRODUCT_NAME = "$(TARGET_NAME)";
			};
			name = Release;
		};
/* End XCBuildConfiguration section */

/* Begin XCConfigurationList section */
		D2C6A2A114EE1DF600CDC3D1 /* Build configuration list for PBXProject "vispatch" */ = {
			isa = XCConfigurationList;
			buildConfigurations = (
				D2C6A2AF14EE1DF600CDC3D1 /* Debug */,
				D2C6A2B014EE1DF600CDC3D1 /* Release */,
			);
			defaultConfigurationIsVisible = 0;
			defaultConfigurationName = Release;
		};
		D2C6A2B114EE1DF600CDC3D1 /* Build configuration list for PBXNativeTarget "vispatch" */ = {
			isa = XCConfigurationList;
			buildConfigurations = (
				D2C6A2B214EE1DF600CDC3D1 /* Debug */,
				D2C6A2B314EE1DF600CDC3D1 /* Release */,
			);
			defaultConfigurationIsVisible = 0;
			defaultConfigurationName = Release;
		};
/* End XCConfigurationList section */
	};
	rootObject = D2C6A29E14EE1DF600CDC3D1 /* Project object */;
}
